
Microsoft Visual Studio Solution File, Format Version 12.00
# Visual Studio 15
Project("{FAE04EC0-301F-11D3-BF4B-00C04F79EFBC}") = "TestApplication", "TestApplication.csproj", "{8F14C4F7-602D-46E3-9E88-EF4431B90351}"
EndProject
Global
	GlobalSection(SolutionConfigurationPlatforms) = preSolution
		Debug|Any CPU = Debug|Any CPU
		Release|Any CPU = Release|Any CPU
	EndGlobalSection
	GlobalSection(ProjectConfigurationPlatforms) = postSolution
		{8F14C4F7-602D-46E3-9E88-EF4431B90351}.Debug|Any CPU.ActiveCfg = Debug|Any CPU
		{8F14C4F7-602D-46E3-9E88-EF4431B90351}.Debug|Any CPU.Build.0 = Debug|Any CPU
		{8F14C4F7-602D-46E3-9E88-EF4431B90351}.Release|Any CPU.ActiveCfg = Release|Any CPU
		{8F14C4F7-602D-46E3-9E88-EF4431B90351}.Release|Any CPU.Build.0 = Release|Any CPU
	EndGlobalSection
EndGlobal
